PODS:
  - Bolts/Tasks (1.9.0)
  - BuchaSwift (1.1.0)
  - CDBKit (1.4.3):
    - CDBKit/Array (= 1.4.3)
    - CDBKit/Core (= 1.4.3)
    - CDBKit/Localize (= 1.4.3)
    - CDBKit/UI (= 1.4.3)
  - CDBKit/Array (1.4.3)
  - CDBKit/Core (1.4.3)
  - CDBKit/Localize (1.4.3)
  - CDBKit/UI (1.4.3)
  - Crashlytics (3.10.5):
    - Fabric (~> 1.7.9)
  - Fabric (1.7.9)
  - FlatButton (1.2)
  - Google-Analytics-for-OS-X (1.1)
  - GoogleAnalytics (3.17.0)
  - LMGeocoderUniversal (1.2.2)
  - LocationInfo (1.1.4):
    - LocationInfo/AppleGeocoder (= 1.1.4)
    - LocationInfo/AppleMap (= 1.1.4)
    - LocationInfo/Core (= 1.1.4)
    - LocationInfo/LMGeocoder (= 1.1.4)
    - LocationInfo/StringConversion (= 1.1.4)
  - LocationInfo/AppleGeocoder (1.1.4):
    - LocationInfo/Core
  - LocationInfo/AppleMap (1.1.4):
    - LocationInfo/AppleGeocoder
    - LocationInfo/Core
  - LocationInfo/Core (1.1.4)
  - LocationInfo/LMGeocoder (1.1.4):
    - LMGeocoderUniversal
    - LocationInfo/AppleGeocoder
    - LocationInfo/Core
  - LocationInfo/StringConversion (1.1.4):
    - LocationInfo/Core
  - Parse (1.17.1):
    - Parse/Core (= 1.17.1)
  - Parse/Core (1.17.1):
    - Bolts/Tasks (~> 1.9)
  - QMGeocoder (1.0.3):
    - LMGeocoderUniversal
    - LocationInfo
    - LocationInfo/AppleGeocoder
    - LocationInfo/LMGeocoder
  - ReactiveReSwift (4.0.0)
  - Realm (3.7.5):
    - Realm/Headers (= 3.7.5)
  - Realm/Headers (3.7.5)
  - RealmSwift (3.7.5):
    - Realm (= 3.7.5)
  - RxSwift (4.2.0)
  - TBConversions/Parse (1.0.0)
  - TBParse (1.2.0):
    - TBParse/Core (= 1.2.0)
  - TBParse/Core (1.2.0):
    - Parse
    - TBConversions/Parse

DEPENDENCIES:
  - BuchaSwift (~> 1.0)
  - CDBKit (~> 1.4.1)
  - Crashlytics
  - Fabric
  - FlatButton (~> 1.2)
  - Google-Analytics-for-OS-X (~> 1.1)
  - GoogleAnalytics
  - LocationInfo (~> 1.1)
  - Parse
  - QMGeocoder
  - QMGeocoder (~> 1.0)
  - ReactiveReSwift (~> 4.0)
  - RealmSwift (~> 3.0)
  - RxSwift (~> 4.0)
  - TBParse

SPEC REPOS:
  https://github.com/cocoapods/specs.git:
    - Bolts
    - BuchaSwift
    - CDBKit
    - Crashlytics
    - Fabric
    - FlatButton
    - Google-Analytics-for-OS-X
    - GoogleAnalytics
    - LMGeocoderUniversal
    - LocationInfo
    - Parse
    - QMGeocoder
    - ReactiveReSwift
    - Realm
    - RealmSwift
    - RxSwift
    - TBConversions
    - TBParse

SPEC CHECKSUMS:
  Bolts: ac6567323eac61e203f6a9763667d0f711be34c8
  BuchaSwift: 8c74504b4483325ecc3759716d06fb68ea143982
  CDBKit: aeb16954308b9a39c07bf1deaf32dc64074f0be2
  Crashlytics: 7f2e38d302d9da96475b3d64d86fb29e31a542b7
  Fabric: a2917d3895e4c1569b9c3170de7320ea1b1e6661
  FlatButton: 9995b972cd520be091f0ba6b215b84cbe7d46fa8
  Google-Analytics-for-OS-X: 66376760d74d980fd81ad48b125c5496d3d4402a
  GoogleAnalytics: f42cc53a87a51fe94334821868d9c8481ff47a7b
  LMGeocoderUniversal: c093e8d7705745179ce93ff6d3c39e666e6bea67
  LocationInfo: 459554282ac2e5924dd1e4bd49dbf65944c9be7a
  Parse: d3edaf8c7c722cb33cb83ba7821d015ae32d362d
  QMGeocoder: 33f66b9c9567b6c1014796feccf701d3cb61dc84
  ReactiveReSwift: b6187229efcc5ec819fb1d3d19716c231bcc0456
  Realm: c286caf4dbf346ce24aad49ca76c7ce622d4a082
  RealmSwift: 2a9281e37d6de55f66f76254d49d28aeb1b729e4
  RxSwift: 99e10317ddfcc7fbe01356aafd118fde4a0be104
  TBConversions: a49cd4e0bc30e426b0f2595b23d6e47e958584c8
  TBParse: fcbe8e3560741d0f27b289f555e3b9436109c4dc

PODFILE CHECKSUM: 9579e9f9703b779ca0372d3fda396cbee7db11ff

COCOAPODS: 1.5.3
